
Microsoft Visual Studio Solution File, Format Version 12.00
# Visual Studio Version 16
VisualStudioVersion = 16.0.29123.88
MinimumVisualStudioVersion = 10.0.40219.1
Project("{FAE04EC0-301F-11D3-BF4B-00C04F79EFBC}") = "ACVO", "ACVO\ACVO.csproj", "{52F47121-60D7-499F-910B-1075316F6753}"
EndProject
Global
	GlobalSection(SolutionConfigurationPlatforms) = preSolution
		Debug|Any CPU = Debug|Any CPU
		Release|Any CPU = Release|Any CPU
	EndGlobalSection
	GlobalSection(ProjectConfigurationPlatforms) = postSolution
		{52F47121-60D7-499F-910B-1075316F6753}.Debug|Any CPU.ActiveCfg = Debug|Any CPU
		{52F47121-60D7-499F-910B-1075316F6753}.Debug|Any CPU.Build.0 = Debug|Any CPU
		{52F47121-60D7-499F-910B-1075316F6753}.Release|Any CPU.ActiveCfg = Release|Any CPU
		{52F47121-60D7-499F-910B-1075316F6753}.Release|Any CPU.Build.0 = Release|Any CPU
	EndGlobalSection
	GlobalSection(SolutionProperties) = preSolution
		HideSolutionNode = FALSE
	EndGlobalSection
	GlobalSection(ExtensibilityGlobals) = postSolution
		SolutionGuid = {97A7AB7C-842A-471E-AAE5-7D5B73AA4AE2}
	EndGlobalSection
EndGlobal
